{
  "originHash" : "86b205a0c9892243a435b87331007c378af54b180e2659148b749a06ab3951b2",
  "pins" : [
    {
      "identity" : "swiftsoup",
      "kind" : "remoteSourceControl",
      "location" : "https://github.com/scinfu/SwiftSoup.git",
      "state" : {
        "revision" : "6c7915e16f729857aec3e99068c361e58a00ed68",
        "version" : "2.13.4"
      }
    }
  ],
  "version" : 3
}
